
Microsoft Visual Studio Solution File, Format Version 12.00
# Visual Studio Version 17
VisualStudioVersion = 17.8.34525.116
MinimumVisualStudioVersion = 10.0.40219.1
Project("{FAE04EC0-301F-11D3-BF4B-00C04F79EFBC}") = "ConsoleAppExceptionHandling", "ConsoleAppExceptionHandling.csproj", "{B3A2412E-9008-4473-9F98-0F5379CE2368}"
EndProject
Global
	GlobalSection(SolutionConfigurationPlatforms) = preSolution
		Debug|Any CPU = Debug|Any CPU
		Release|Any CPU = Release|Any CPU
	EndGlobalSection
	GlobalSection(ProjectConfigurationPlatforms) = postSolution
		{B3A2412E-9008-4473-9F98-0F5379CE2368}.Debug|Any CPU.ActiveCfg = Debug|Any CPU
		{B3A2412E-9008-4473-9F98-0F5379CE2368}.Debug|Any CPU.Build.0 = Debug|Any CPU
		{B3A2412E-9008-4473-9F98-0F5379CE2368}.Release|Any CPU.ActiveCfg = Release|Any CPU
		{B3A2412E-9008-4473-9F98-0F5379CE2368}.Release|Any CPU.Build.0 = Release|Any CPU
	EndGlobalSection
	GlobalSection(SolutionProperties) = preSolution
		HideSolutionNode = FALSE
	EndGlobalSection
	GlobalSection(ExtensibilityGlobals) = postSolution
		SolutionGuid = {7F6D0FDC-F67E-418F-B5CB-2ECEEFAB2E53}
	EndGlobalSection
EndGlobal
