
Microsoft Visual Studio Solution File, Format Version 12.00
# Visual Studio Version 17
VisualStudioVersion = 17.8.34511.84
MinimumVisualStudioVersion = 10.0.40219.1
Project("{FAE04EC0-301F-11D3-BF4B-00C04F79EFBC}") = "ApprovalProgram", "ApprovalProgram.csproj", "{A15C524A-6AA0-41C9-86AA-7327489A9003}"
EndProject
Global
	GlobalSection(SolutionConfigurationPlatforms) = preSolution
		Debug|Any CPU = Debug|Any CPU
		Release|Any CPU = Release|Any CPU
	EndGlobalSection
	GlobalSection(ProjectConfigurationPlatforms) = postSolution
		{A15C524A-6AA0-41C9-86AA-7327489A9003}.Debug|Any CPU.ActiveCfg = Debug|Any CPU
		{A15C524A-6AA0-41C9-86AA-7327489A9003}.Debug|Any CPU.Build.0 = Debug|Any CPU
		{A15C524A-6AA0-41C9-86AA-7327489A9003}.Release|Any CPU.ActiveCfg = Release|Any CPU
		{A15C524A-6AA0-41C9-86AA-7327489A9003}.Release|Any CPU.Build.0 = Release|Any CPU
	EndGlobalSection
	GlobalSection(SolutionProperties) = preSolution
		HideSolutionNode = FALSE
	EndGlobalSection
	GlobalSection(ExtensibilityGlobals) = postSolution
		SolutionGuid = {B7AFDD07-C5CB-4195-B5FE-1A7107BA4958}
	EndGlobalSection
EndGlobal
