
Microsoft Visual Studio Solution File, Format Version 12.00
# Visual Studio Version 17
VisualStudioVersion = 17.9.34607.119
MinimumVisualStudioVersion = 10.0.40219.1
Project("{FAE04EC0-301F-11D3-BF4B-00C04F79EFBC}") = "DaysOfTheWeek", "DaysOfTheWeek.csproj", "{C6141727-AE1C-46CF-8534-3CF944F5F341}"
EndProject
Global
	GlobalSection(SolutionConfigurationPlatforms) = preSolution
		Debug|Any CPU = Debug|Any CPU
		Release|Any CPU = Release|Any CPU
	EndGlobalSection
	GlobalSection(ProjectConfigurationPlatforms) = postSolution
		{C6141727-AE1C-46CF-8534-3CF944F5F341}.Debug|Any CPU.ActiveCfg = Debug|Any CPU
		{C6141727-AE1C-46CF-8534-3CF944F5F341}.Debug|Any CPU.Build.0 = Debug|Any CPU
		{C6141727-AE1C-46CF-8534-3CF944F5F341}.Release|Any CPU.ActiveCfg = Release|Any CPU
		{C6141727-AE1C-46CF-8534-3CF944F5F341}.Release|Any CPU.Build.0 = Release|Any CPU
	EndGlobalSection
	GlobalSection(SolutionProperties) = preSolution
		HideSolutionNode = FALSE
	EndGlobalSection
	GlobalSection(ExtensibilityGlobals) = postSolution
		SolutionGuid = {0B0B0FC4-2046-42C6-9FFC-E87D5396504C}
	EndGlobalSection
EndGlobal
